
Microsoft Visual Studio Solution File, Format Version 12.00
# Visual Studio Version 17
VisualStudioVersion = 17.3.32811.315
MinimumVisualStudioVersion = 10.0.40219.1
Project("{9A19103F-16F7-4668-BE54-9A1E7A4F7556}") = "FrontDesktop", "FrontDesktop\FrontDesktop.csproj", "{EBFA8512-1EA5-4D8C-B4AC-AB5B48A6D568}"
EndProject
Project("{9A19103F-16F7-4668-BE54-9A1E7A4F7556}") = "FrontDesktop.Desktop", "FrontDesktop.Desktop\FrontDesktop.Desktop.csproj", "{ABC31E74-02FF-46EB-B3B2-4E6AE43B456C}"
EndProject
Project("{2150E333-8FDC-42A3-9474-1A3956D46DE8}") = "Solution Items", "Solution Items", "{3DA99C4E-89E3-4049-9C22-0A7EC60D83D8}"
	ProjectSection(SolutionItems) = preProject
		Directory.Packages.props = Directory.Packages.props
		.template.config\template.json = .template.config\template.json
		Directory.Build.props = ..\Directory.Build.props
		.csharpierrc.json = ..\.csharpierrc.json
		.editorconfig = ..\.editorconfig
	EndProjectSection
EndProject
Project("{FAE04EC0-301F-11D3-BF4B-00C04F79EFBC}") = "Infraestructure.Database", "Infraestructure.Database\Infraestructure.Database.csproj", "{991B833F-DA0A-45E8-AB6D-9C7F172E6F49}"
EndProject
Project("{FAE04EC0-301F-11D3-BF4B-00C04F79EFBC}") = "Infraestructure.Events", "Infraestructure.Events\Infraestructure.Events.csproj", "{AFF6E440-A609-4A52-B8BC-69822B3EA234}"
EndProject
Project("{FAE04EC0-301F-11D3-BF4B-00C04F79EFBC}") = "Infraestructure.Storages", "Infraestructure.Storages\Infraestructure.Storages.csproj", "{D1AA08CF-D54A-4640-9F12-2F5769AD84A9}"
EndProject
Global
	GlobalSection(SolutionConfigurationPlatforms) = preSolution
		Debug|Any CPU = Debug|Any CPU
		Release|Any CPU = Release|Any CPU
	EndGlobalSection
	GlobalSection(ProjectConfigurationPlatforms) = postSolution
		{EBFA8512-1EA5-4D8C-B4AC-AB5B48A6D568}.Debug|Any CPU.ActiveCfg = Debug|Any CPU
		{EBFA8512-1EA5-4D8C-B4AC-AB5B48A6D568}.Debug|Any CPU.Build.0 = Debug|Any CPU
		{EBFA8512-1EA5-4D8C-B4AC-AB5B48A6D568}.Release|Any CPU.ActiveCfg = Release|Any CPU
		{EBFA8512-1EA5-4D8C-B4AC-AB5B48A6D568}.Release|Any CPU.Build.0 = Release|Any CPU
		{ABC31E74-02FF-46EB-B3B2-4E6AE43B456C}.Debug|Any CPU.ActiveCfg = Debug|Any CPU
		{ABC31E74-02FF-46EB-B3B2-4E6AE43B456C}.Debug|Any CPU.Build.0 = Debug|Any CPU
		{ABC31E74-02FF-46EB-B3B2-4E6AE43B456C}.Release|Any CPU.ActiveCfg = Release|Any CPU
		{ABC31E74-02FF-46EB-B3B2-4E6AE43B456C}.Release|Any CPU.Build.0 = Release|Any CPU
		{991B833F-DA0A-45E8-AB6D-9C7F172E6F49}.Debug|Any CPU.ActiveCfg = Debug|Any CPU
		{991B833F-DA0A-45E8-AB6D-9C7F172E6F49}.Debug|Any CPU.Build.0 = Debug|Any CPU
		{991B833F-DA0A-45E8-AB6D-9C7F172E6F49}.Release|Any CPU.ActiveCfg = Release|Any CPU
		{991B833F-DA0A-45E8-AB6D-9C7F172E6F49}.Release|Any CPU.Build.0 = Release|Any CPU
		{AFF6E440-A609-4A52-B8BC-69822B3EA234}.Debug|Any CPU.ActiveCfg = Debug|Any CPU
		{AFF6E440-A609-4A52-B8BC-69822B3EA234}.Debug|Any CPU.Build.0 = Debug|Any CPU
		{AFF6E440-A609-4A52-B8BC-69822B3EA234}.Release|Any CPU.ActiveCfg = Release|Any CPU
		{AFF6E440-A609-4A52-B8BC-69822B3EA234}.Release|Any CPU.Build.0 = Release|Any CPU
		{D1AA08CF-D54A-4640-9F12-2F5769AD84A9}.Debug|Any CPU.ActiveCfg = Debug|Any CPU
		{D1AA08CF-D54A-4640-9F12-2F5769AD84A9}.Debug|Any CPU.Build.0 = Debug|Any CPU
		{D1AA08CF-D54A-4640-9F12-2F5769AD84A9}.Release|Any CPU.ActiveCfg = Release|Any CPU
		{D1AA08CF-D54A-4640-9F12-2F5769AD84A9}.Release|Any CPU.Build.0 = Release|Any CPU
	EndGlobalSection
	GlobalSection(SolutionProperties) = preSolution
		HideSolutionNode = FALSE
	EndGlobalSection
	GlobalSection(ExtensibilityGlobals) = postSolution
		SolutionGuid = {83CB65B8-011F-4ED7-BCD3-A6CFA935EF7E}
	EndGlobalSection
EndGlobal
