
Microsoft Visual Studio Solution File, Format Version 12.00
Project("{2150E333-8FDC-42A3-9474-1A3956D46DE8}") = "Clean Architecture", "Clean Architecture", "{6212067E-AAFA-4B54-8D17-6241FFA4C82C}"
EndProject
Project("{FAE04EC0-301F-11D3-BF4B-00C04F79EFBC}") = "CleanArchitecture.API", "CleanArchitecture\CleanArchitecture.API\CleanArchitecture.API.csproj", "{61299FA4-6B2D-4865-AB00-97F765E5D794}"
EndProject
Project("{FAE04EC0-301F-11D3-BF4B-00C04F79EFBC}") = "CleanArchitecture.Application", "CleanArchitecture\CleanArchitecture.Application\CleanArchitecture.Application.csproj", "{6D4101F7-4680-4627-909C-AC7E4EE4739C}"
EndProject
Project("{FAE04EC0-301F-11D3-BF4B-00C04F79EFBC}") = "CleanArchitecture.Application.UnitTest", "CleanArchitecture\CleanArchitecture.Application.UnitTest\CleanArchitecture.Application.UnitTest.csproj", "{78E89EBB-E2F9-4FCD-B572-BD52F618B847}"
EndProject
Project("{FAE04EC0-301F-11D3-BF4B-00C04F79EFBC}") = "CleanArchitecture.Domain", "CleanArchitecture\CleanArchitecture.Domain\CleanArchitecture.Domain.csproj", "{C3597488-800A-49D0-84E7-DF6B44C4F260}"
EndProject
Project("{FAE04EC0-301F-11D3-BF4B-00C04F79EFBC}") = "CleanArchitecture.Grpc", "CleanArchitecture\CleanArchitecture.Grpc\CleanArchitecture.Grpc.csproj", "{DD51589D-5CE9-4D9D-9B24-116407D35BF7}"
EndProject
Project("{FAE04EC0-301F-11D3-BF4B-00C04F79EFBC}") = "CleanArchitecture.Infraestructure", "CleanArchitecture\CleanArchitecture.Infraestructure\CleanArchitecture.Infraestructure.csproj", "{8B9E06AB-D8D2-4B87-AD7A-25287D309D65}"
EndProject
Project("{2150E333-8FDC-42A3-9474-1A3956D46DE8}") = "template", "template", "{91FDF61C-A451-444C-830E-0806DE4AFDA2}"
	ProjectSection(SolutionItems) = preProject
		CleanArchitecture\.template.config\template.json = CleanArchitecture\.template.config\template.json
	EndProjectSection
EndProject
Project("{2150E333-8FDC-42A3-9474-1A3956D46DE8}") = "Hexagonal Architecture", "Hexagonal Architecture", "{D4505FF5-BFEF-4D48-8ED5-231FF9CF996E}"
EndProject
Project("{2150E333-8FDC-42A3-9474-1A3956D46DE8}") = "N-Layer Architecture", "N-Layer Architecture", "{A9B783FC-8771-4EE7-8282-DB5331DAC239}"
EndProject
Project("{2150E333-8FDC-42A3-9474-1A3956D46DE8}") = "Core Driven Architecture", "Core Driven Architecture", "{4473A75A-6500-4C71-ACDC-A8C78FCF2238}"
EndProject
Project("{FAE04EC0-301F-11D3-BF4B-00C04F79EFBC}") = "CoreDrivenArchitecture.API", "CoreDrivenArchitecture\CoreDrivenArchitecture.API\CoreDrivenArchitecture.API.csproj", "{344B2A8C-32F5-4A48-8685-CDD159788122}"
EndProject
Project("{FAE04EC0-301F-11D3-BF4B-00C04F79EFBC}") = "CoreDrivenArchitecture.Data", "CoreDrivenArchitecture\CoreDrivenArchitecture.Data\CoreDrivenArchitecture.Data.csproj", "{66F45DFA-86F1-4D78-9D28-C3AFA0A76C2D}"
EndProject
Project("{FAE04EC0-301F-11D3-BF4B-00C04F79EFBC}") = "CoreDrivenArchitecture.DTOs", "CoreDrivenArchitecture\CoreDrivenArchitecture.DTOs\CoreDrivenArchitecture.DTOs.csproj", "{4DA7895A-7E68-4A3A-8FF9-F4D51BC80C63}"
EndProject
Project("{FAE04EC0-301F-11D3-BF4B-00C04F79EFBC}") = "CoreDrivenArchitecture.UnitTests", "CoreDrivenArchitecture\CoreDrivenArchitecture.UnitTests\CoreDrivenArchitecture.UnitTests.csproj", "{D99967E9-FCFB-4467-9820-6A18D08383C8}"
EndProject
Project("{FAE04EC0-301F-11D3-BF4B-00C04F79EFBC}") = "CoreDrivenArchitecture.UseCases", "CoreDrivenArchitecture\CoreDrivenArchitecture.UseCases\CoreDrivenArchitecture.UseCases.csproj", "{C427B663-908A-4F44-9AF1-A0C4D413B213}"
EndProject
Project("{FAE04EC0-301F-11D3-BF4B-00C04F79EFBC}") = "CoreDrivenArchitecture.Grpc", "CoreDrivenArchitecture\CoreDrivenArchitecture.Grpc\CoreDrivenArchitecture.Grpc.csproj", "{55C74BD3-B70A-4BE7-A761-36262E925D52}"
EndProject
Project("{2150E333-8FDC-42A3-9474-1A3956D46DE8}") = "config", "config", "{8754A43A-6A68-4A80-900A-C35F10A4B661}"
	ProjectSection(SolutionItems) = preProject
		CoreDrivenArchitecture\.template.config\template.json = CoreDrivenArchitecture\.template.config\template.json
	EndProjectSection
EndProject
Project("{2150E333-8FDC-42A3-9474-1A3956D46DE8}") = "config", "config", "{3853F741-0745-405E-86C9-44775E5B4509}"
	ProjectSection(SolutionItems) = preProject
		NLayerArchitecture\.template.config\template.json = NLayerArchitecture\.template.config\template.json
	EndProjectSection
EndProject
Project("{FAE04EC0-301F-11D3-BF4B-00C04F79EFBC}") = "NLayerArchitecture.API", "NLayerArchitecture\NLayerArchitecture.API\NLayerArchitecture.API.csproj", "{85E17D05-3EC2-457E-93E5-680B59647034}"
EndProject
Project("{FAE04EC0-301F-11D3-BF4B-00C04F79EFBC}") = "NLayerArchitecture.Application", "NLayerArchitecture\NLayerArchitecture.Application\NLayerArchitecture.Application.csproj", "{C9D4F178-2166-48DB-B8AF-F48B5D20BF70}"
EndProject
Project("{FAE04EC0-301F-11D3-BF4B-00C04F79EFBC}") = "NLayerArchitecture.Grpc", "NLayerArchitecture\NLayerArchitecture.Grpc\NLayerArchitecture.Grpc.csproj", "{0D438CD3-7970-4B17-AAB9-D3315A97D346}"
EndProject
Project("{FAE04EC0-301F-11D3-BF4B-00C04F79EFBC}") = "NLayerArchitecture.Infraestructure", "NLayerArchitecture\NLayerArchitecture.Infraestructure\NLayerArchitecture.Infraestructure.csproj", "{79EA5DB3-B587-4CDD-91BB-F000ADB51BF9}"
EndProject
Global
	GlobalSection(SolutionConfigurationPlatforms) = preSolution
		Debug|Any CPU = Debug|Any CPU
		Release|Any CPU = Release|Any CPU
	EndGlobalSection
	GlobalSection(NestedProjects) = preSolution
		{61299FA4-6B2D-4865-AB00-97F765E5D794} = {6212067E-AAFA-4B54-8D17-6241FFA4C82C}
		{6D4101F7-4680-4627-909C-AC7E4EE4739C} = {6212067E-AAFA-4B54-8D17-6241FFA4C82C}
		{78E89EBB-E2F9-4FCD-B572-BD52F618B847} = {6212067E-AAFA-4B54-8D17-6241FFA4C82C}
		{C3597488-800A-49D0-84E7-DF6B44C4F260} = {6212067E-AAFA-4B54-8D17-6241FFA4C82C}
		{DD51589D-5CE9-4D9D-9B24-116407D35BF7} = {6212067E-AAFA-4B54-8D17-6241FFA4C82C}
		{8B9E06AB-D8D2-4B87-AD7A-25287D309D65} = {6212067E-AAFA-4B54-8D17-6241FFA4C82C}
		{91FDF61C-A451-444C-830E-0806DE4AFDA2} = {6212067E-AAFA-4B54-8D17-6241FFA4C82C}
		{344B2A8C-32F5-4A48-8685-CDD159788122} = {4473A75A-6500-4C71-ACDC-A8C78FCF2238}
		{66F45DFA-86F1-4D78-9D28-C3AFA0A76C2D} = {4473A75A-6500-4C71-ACDC-A8C78FCF2238}
		{4DA7895A-7E68-4A3A-8FF9-F4D51BC80C63} = {4473A75A-6500-4C71-ACDC-A8C78FCF2238}
		{D99967E9-FCFB-4467-9820-6A18D08383C8} = {4473A75A-6500-4C71-ACDC-A8C78FCF2238}
		{C427B663-908A-4F44-9AF1-A0C4D413B213} = {4473A75A-6500-4C71-ACDC-A8C78FCF2238}
		{55C74BD3-B70A-4BE7-A761-36262E925D52} = {4473A75A-6500-4C71-ACDC-A8C78FCF2238}
		{8754A43A-6A68-4A80-900A-C35F10A4B661} = {4473A75A-6500-4C71-ACDC-A8C78FCF2238}
		{3853F741-0745-405E-86C9-44775E5B4509} = {A9B783FC-8771-4EE7-8282-DB5331DAC239}
		{85E17D05-3EC2-457E-93E5-680B59647034} = {A9B783FC-8771-4EE7-8282-DB5331DAC239}
		{C9D4F178-2166-48DB-B8AF-F48B5D20BF70} = {A9B783FC-8771-4EE7-8282-DB5331DAC239}
		{0D438CD3-7970-4B17-AAB9-D3315A97D346} = {A9B783FC-8771-4EE7-8282-DB5331DAC239}
		{79EA5DB3-B587-4CDD-91BB-F000ADB51BF9} = {A9B783FC-8771-4EE7-8282-DB5331DAC239}
	EndGlobalSection
	GlobalSection(ProjectConfigurationPlatforms) = postSolution
		{61299FA4-6B2D-4865-AB00-97F765E5D794}.Debug|Any CPU.ActiveCfg = Debug|Any CPU
		{61299FA4-6B2D-4865-AB00-97F765E5D794}.Debug|Any CPU.Build.0 = Debug|Any CPU
		{61299FA4-6B2D-4865-AB00-97F765E5D794}.Release|Any CPU.ActiveCfg = Release|Any CPU
		{61299FA4-6B2D-4865-AB00-97F765E5D794}.Release|Any CPU.Build.0 = Release|Any CPU
		{6D4101F7-4680-4627-909C-AC7E4EE4739C}.Debug|Any CPU.ActiveCfg = Debug|Any CPU
		{6D4101F7-4680-4627-909C-AC7E4EE4739C}.Debug|Any CPU.Build.0 = Debug|Any CPU
		{6D4101F7-4680-4627-909C-AC7E4EE4739C}.Release|Any CPU.ActiveCfg = Release|Any CPU
		{6D4101F7-4680-4627-909C-AC7E4EE4739C}.Release|Any CPU.Build.0 = Release|Any CPU
		{78E89EBB-E2F9-4FCD-B572-BD52F618B847}.Debug|Any CPU.ActiveCfg = Debug|Any CPU
		{78E89EBB-E2F9-4FCD-B572-BD52F618B847}.Debug|Any CPU.Build.0 = Debug|Any CPU
		{78E89EBB-E2F9-4FCD-B572-BD52F618B847}.Release|Any CPU.ActiveCfg = Release|Any CPU
		{78E89EBB-E2F9-4FCD-B572-BD52F618B847}.Release|Any CPU.Build.0 = Release|Any CPU
		{C3597488-800A-49D0-84E7-DF6B44C4F260}.Debug|Any CPU.ActiveCfg = Debug|Any CPU
		{C3597488-800A-49D0-84E7-DF6B44C4F260}.Debug|Any CPU.Build.0 = Debug|Any CPU
		{C3597488-800A-49D0-84E7-DF6B44C4F260}.Release|Any CPU.ActiveCfg = Release|Any CPU
		{C3597488-800A-49D0-84E7-DF6B44C4F260}.Release|Any CPU.Build.0 = Release|Any CPU
		{DD51589D-5CE9-4D9D-9B24-116407D35BF7}.Debug|Any CPU.ActiveCfg = Debug|Any CPU
		{DD51589D-5CE9-4D9D-9B24-116407D35BF7}.Debug|Any CPU.Build.0 = Debug|Any CPU
		{DD51589D-5CE9-4D9D-9B24-116407D35BF7}.Release|Any CPU.ActiveCfg = Release|Any CPU
		{DD51589D-5CE9-4D9D-9B24-116407D35BF7}.Release|Any CPU.Build.0 = Release|Any CPU
		{8B9E06AB-D8D2-4B87-AD7A-25287D309D65}.Debug|Any CPU.ActiveCfg = Debug|Any CPU
		{8B9E06AB-D8D2-4B87-AD7A-25287D309D65}.Debug|Any CPU.Build.0 = Debug|Any CPU
		{8B9E06AB-D8D2-4B87-AD7A-25287D309D65}.Release|Any CPU.ActiveCfg = Release|Any CPU
		{8B9E06AB-D8D2-4B87-AD7A-25287D309D65}.Release|Any CPU.Build.0 = Release|Any CPU
		{344B2A8C-32F5-4A48-8685-CDD159788122}.Debug|Any CPU.ActiveCfg = Debug|Any CPU
		{344B2A8C-32F5-4A48-8685-CDD159788122}.Debug|Any CPU.Build.0 = Debug|Any CPU
		{344B2A8C-32F5-4A48-8685-CDD159788122}.Release|Any CPU.ActiveCfg = Release|Any CPU
		{344B2A8C-32F5-4A48-8685-CDD159788122}.Release|Any CPU.Build.0 = Release|Any CPU
		{66F45DFA-86F1-4D78-9D28-C3AFA0A76C2D}.Debug|Any CPU.ActiveCfg = Debug|Any CPU
		{66F45DFA-86F1-4D78-9D28-C3AFA0A76C2D}.Debug|Any CPU.Build.0 = Debug|Any CPU
		{66F45DFA-86F1-4D78-9D28-C3AFA0A76C2D}.Release|Any CPU.ActiveCfg = Release|Any CPU
		{66F45DFA-86F1-4D78-9D28-C3AFA0A76C2D}.Release|Any CPU.Build.0 = Release|Any CPU
		{4DA7895A-7E68-4A3A-8FF9-F4D51BC80C63}.Debug|Any CPU.ActiveCfg = Debug|Any CPU
		{4DA7895A-7E68-4A3A-8FF9-F4D51BC80C63}.Debug|Any CPU.Build.0 = Debug|Any CPU
		{4DA7895A-7E68-4A3A-8FF9-F4D51BC80C63}.Release|Any CPU.ActiveCfg = Release|Any CPU
		{4DA7895A-7E68-4A3A-8FF9-F4D51BC80C63}.Release|Any CPU.Build.0 = Release|Any CPU
		{D99967E9-FCFB-4467-9820-6A18D08383C8}.Debug|Any CPU.ActiveCfg = Debug|Any CPU
		{D99967E9-FCFB-4467-9820-6A18D08383C8}.Debug|Any CPU.Build.0 = Debug|Any CPU
		{D99967E9-FCFB-4467-9820-6A18D08383C8}.Release|Any CPU.ActiveCfg = Release|Any CPU
		{D99967E9-FCFB-4467-9820-6A18D08383C8}.Release|Any CPU.Build.0 = Release|Any CPU
		{C427B663-908A-4F44-9AF1-A0C4D413B213}.Debug|Any CPU.ActiveCfg = Debug|Any CPU
		{C427B663-908A-4F44-9AF1-A0C4D413B213}.Debug|Any CPU.Build.0 = Debug|Any CPU
		{C427B663-908A-4F44-9AF1-A0C4D413B213}.Release|Any CPU.ActiveCfg = Release|Any CPU
		{C427B663-908A-4F44-9AF1-A0C4D413B213}.Release|Any CPU.Build.0 = Release|Any CPU
		{55C74BD3-B70A-4BE7-A761-36262E925D52}.Debug|Any CPU.ActiveCfg = Debug|Any CPU
		{55C74BD3-B70A-4BE7-A761-36262E925D52}.Debug|Any CPU.Build.0 = Debug|Any CPU
		{55C74BD3-B70A-4BE7-A761-36262E925D52}.Release|Any CPU.ActiveCfg = Release|Any CPU
		{55C74BD3-B70A-4BE7-A761-36262E925D52}.Release|Any CPU.Build.0 = Release|Any CPU
		{85E17D05-3EC2-457E-93E5-680B59647034}.Debug|Any CPU.ActiveCfg = Debug|Any CPU
		{85E17D05-3EC2-457E-93E5-680B59647034}.Debug|Any CPU.Build.0 = Debug|Any CPU
		{85E17D05-3EC2-457E-93E5-680B59647034}.Release|Any CPU.ActiveCfg = Release|Any CPU
		{85E17D05-3EC2-457E-93E5-680B59647034}.Release|Any CPU.Build.0 = Release|Any CPU
		{C9D4F178-2166-48DB-B8AF-F48B5D20BF70}.Debug|Any CPU.ActiveCfg = Debug|Any CPU
		{C9D4F178-2166-48DB-B8AF-F48B5D20BF70}.Debug|Any CPU.Build.0 = Debug|Any CPU
		{C9D4F178-2166-48DB-B8AF-F48B5D20BF70}.Release|Any CPU.ActiveCfg = Release|Any CPU
		{C9D4F178-2166-48DB-B8AF-F48B5D20BF70}.Release|Any CPU.Build.0 = Release|Any CPU
		{0D438CD3-7970-4B17-AAB9-D3315A97D346}.Debug|Any CPU.ActiveCfg = Debug|Any CPU
		{0D438CD3-7970-4B17-AAB9-D3315A97D346}.Debug|Any CPU.Build.0 = Debug|Any CPU
		{0D438CD3-7970-4B17-AAB9-D3315A97D346}.Release|Any CPU.ActiveCfg = Release|Any CPU
		{0D438CD3-7970-4B17-AAB9-D3315A97D346}.Release|Any CPU.Build.0 = Release|Any CPU
		{79EA5DB3-B587-4CDD-91BB-F000ADB51BF9}.Debug|Any CPU.ActiveCfg = Debug|Any CPU
		{79EA5DB3-B587-4CDD-91BB-F000ADB51BF9}.Debug|Any CPU.Build.0 = Debug|Any CPU
		{79EA5DB3-B587-4CDD-91BB-F000ADB51BF9}.Release|Any CPU.ActiveCfg = Release|Any CPU
		{79EA5DB3-B587-4CDD-91BB-F000ADB51BF9}.Release|Any CPU.Build.0 = Release|Any CPU
	EndGlobalSection
EndGlobal
