
Microsoft Visual Studio Solution File, Format Version 12.00
Project("{2150E333-8FDC-42A3-9474-1A3956D46DE8}") = "Clean Architecture", "Clean Architecture", "{6212067E-AAFA-4B54-8D17-6241FFA4C82C}"
EndProject
Project("{FAE04EC0-301F-11D3-BF4B-00C04F79EFBC}") = "CleanArchitecture.API", "CleanArchitecture\CleanArchitecture.API\CleanArchitecture.API.csproj", "{61299FA4-6B2D-4865-AB00-97F765E5D794}"
EndProject
Project("{FAE04EC0-301F-11D3-BF4B-00C04F79EFBC}") = "CleanArchitecture.Application", "CleanArchitecture\CleanArchitecture.Application\CleanArchitecture.Application.csproj", "{6D4101F7-4680-4627-909C-AC7E4EE4739C}"
EndProject
Project("{FAE04EC0-301F-11D3-BF4B-00C04F79EFBC}") = "CleanArchitecture.Application.UnitTest", "CleanArchitecture\CleanArchitecture.Application.UnitTest\CleanArchitecture.Application.UnitTest.csproj", "{78E89EBB-E2F9-4FCD-B572-BD52F618B847}"
EndProject
Project("{FAE04EC0-301F-11D3-BF4B-00C04F79EFBC}") = "CleanArchitecture.Domain", "CleanArchitecture\CleanArchitecture.Domain\CleanArchitecture.Domain.csproj", "{C3597488-800A-49D0-84E7-DF6B44C4F260}"
EndProject
Project("{FAE04EC0-301F-11D3-BF4B-00C04F79EFBC}") = "CleanArchitecture.Grpc", "CleanArchitecture\CleanArchitecture.Grpc\CleanArchitecture.Grpc.csproj", "{DD51589D-5CE9-4D9D-9B24-116407D35BF7}"
EndProject
Project("{FAE04EC0-301F-11D3-BF4B-00C04F79EFBC}") = "CleanArchitecture.Infraestructure", "CleanArchitecture\CleanArchitecture.Infraestructure\CleanArchitecture.Infraestructure.csproj", "{8B9E06AB-D8D2-4B87-AD7A-25287D309D65}"
EndProject
Project("{2150E333-8FDC-42A3-9474-1A3956D46DE8}") = "template", "template", "{91FDF61C-A451-444C-830E-0806DE4AFDA2}"
	ProjectSection(SolutionItems) = preProject
		CleanArchitecture\.template.config\template.json = CleanArchitecture\.template.config\template.json
	EndProjectSection
EndProject
Project("{2150E333-8FDC-42A3-9474-1A3956D46DE8}") = "N-Layer Architecture", "N-Layer Architecture", "{A9B783FC-8771-4EE7-8282-DB5331DAC239}"
EndProject
Project("{2150E333-8FDC-42A3-9474-1A3956D46DE8}") = "config", "config", "{3853F741-0745-405E-86C9-44775E5B4509}"
	ProjectSection(SolutionItems) = preProject
		NLayerArchitecture\.template.config\template.json = NLayerArchitecture\.template.config\template.json
	EndProjectSection
EndProject
Project("{FAE04EC0-301F-11D3-BF4B-00C04F79EFBC}") = "NLayerArchitecture.API", "NLayerArchitecture\NLayerArchitecture.API\NLayerArchitecture.API.csproj", "{85E17D05-3EC2-457E-93E5-680B59647034}"
EndProject
Project("{FAE04EC0-301F-11D3-BF4B-00C04F79EFBC}") = "NLayerArchitecture.Application", "NLayerArchitecture\NLayerArchitecture.Application\NLayerArchitecture.Application.csproj", "{C9D4F178-2166-48DB-B8AF-F48B5D20BF70}"
EndProject
Project("{FAE04EC0-301F-11D3-BF4B-00C04F79EFBC}") = "NLayerArchitecture.Grpc", "NLayerArchitecture\NLayerArchitecture.Grpc\NLayerArchitecture.Grpc.csproj", "{0D438CD3-7970-4B17-AAB9-D3315A97D346}"
EndProject
Project("{FAE04EC0-301F-11D3-BF4B-00C04F79EFBC}") = "NLayerArchitecture.Infraestructure", "NLayerArchitecture\NLayerArchitecture.Infraestructure\NLayerArchitecture.Infraestructure.csproj", "{79EA5DB3-B587-4CDD-91BB-F000ADB51BF9}"
EndProject
Project("{FAE04EC0-301F-11D3-BF4B-00C04F79EFBC}") = "CustomArchitecture.API", "CustomArchitecture\CustomArchitecture.API\CustomArchitecture.API.csproj", "{755D8CAB-C5E8-4E4F-8BB2-5D2E34A622D1}"
EndProject
Project("{FAE04EC0-301F-11D3-BF4B-00C04F79EFBC}") = "CustomArchitecture.Grpc", "CustomArchitecture\CustomArchitecture.Grpc\CustomArchitecture.Grpc.csproj", "{07465222-F432-4319-9A61-6D052D8B2B25}"
EndProject
Project("{FAE04EC0-301F-11D3-BF4B-00C04F79EFBC}") = "CustomArchitecture.Application", "CustomArchitecture\CustomArchitecture.Application\CustomArchitecture.Application.csproj", "{BBA1C280-6A96-4FCC-9309-E6EF9C081489}"
EndProject
Project("{FAE04EC0-301F-11D3-BF4B-00C04F79EFBC}") = "CustomArchitecture.Infraestructure", "CustomArchitecture\CustomArchitecture.Infraestructure\CustomArchitecture.Infraestructure.csproj", "{368C181D-7357-4DB3-B471-7E115C6BA069}"
EndProject
Project("{FAE04EC0-301F-11D3-BF4B-00C04F79EFBC}") = "CustomArchitecture.Application.UnitTest", "CustomArchitecture\CustomArchitecture.Application.UnitTest\CustomArchitecture.Application.UnitTest.csproj", "{3D25117C-A166-48DC-B71F-24F44512047C}"
EndProject
Project("{2150E333-8FDC-42A3-9474-1A3956D46DE8}") = "Custom Architecture", "Custom Architecture", "{981B8682-BF8B-4C6E-A8EA-A2E59483061E}"
EndProject
Project("{2150E333-8FDC-42A3-9474-1A3956D46DE8}") = "config", "config", "{DCAB8DAE-D143-4DA6-A8AB-90304DE5DB15}"
	ProjectSection(SolutionItems) = preProject
		CustomArchitecture\.template.config\template.json = CustomArchitecture\.template.config\template.json
	EndProjectSection
EndProject
Project("{FAE04EC0-301F-11D3-BF4B-00C04F79EFBC}") = "NLayerArchitecture.Application.UnitTest", "NLayerArchitecture\NLayerArchitecture.Application.UnitTest\NLayerArchitecture.Application.UnitTest.csproj", "{943FF9DD-7987-4C03-8B9A-14CB993DAB16}"
EndProject
Global
	GlobalSection(SolutionConfigurationPlatforms) = preSolution
		Debug|Any CPU = Debug|Any CPU
		Release|Any CPU = Release|Any CPU
	EndGlobalSection
	GlobalSection(NestedProjects) = preSolution
		{61299FA4-6B2D-4865-AB00-97F765E5D794} = {6212067E-AAFA-4B54-8D17-6241FFA4C82C}
		{6D4101F7-4680-4627-909C-AC7E4EE4739C} = {6212067E-AAFA-4B54-8D17-6241FFA4C82C}
		{78E89EBB-E2F9-4FCD-B572-BD52F618B847} = {6212067E-AAFA-4B54-8D17-6241FFA4C82C}
		{C3597488-800A-49D0-84E7-DF6B44C4F260} = {6212067E-AAFA-4B54-8D17-6241FFA4C82C}
		{DD51589D-5CE9-4D9D-9B24-116407D35BF7} = {6212067E-AAFA-4B54-8D17-6241FFA4C82C}
		{8B9E06AB-D8D2-4B87-AD7A-25287D309D65} = {6212067E-AAFA-4B54-8D17-6241FFA4C82C}
		{91FDF61C-A451-444C-830E-0806DE4AFDA2} = {6212067E-AAFA-4B54-8D17-6241FFA4C82C}
		{3853F741-0745-405E-86C9-44775E5B4509} = {A9B783FC-8771-4EE7-8282-DB5331DAC239}
		{85E17D05-3EC2-457E-93E5-680B59647034} = {A9B783FC-8771-4EE7-8282-DB5331DAC239}
		{C9D4F178-2166-48DB-B8AF-F48B5D20BF70} = {A9B783FC-8771-4EE7-8282-DB5331DAC239}
		{0D438CD3-7970-4B17-AAB9-D3315A97D346} = {A9B783FC-8771-4EE7-8282-DB5331DAC239}
		{79EA5DB3-B587-4CDD-91BB-F000ADB51BF9} = {A9B783FC-8771-4EE7-8282-DB5331DAC239}
		{755D8CAB-C5E8-4E4F-8BB2-5D2E34A622D1} = {981B8682-BF8B-4C6E-A8EA-A2E59483061E}
		{BBA1C280-6A96-4FCC-9309-E6EF9C081489} = {981B8682-BF8B-4C6E-A8EA-A2E59483061E}
		{3D25117C-A166-48DC-B71F-24F44512047C} = {981B8682-BF8B-4C6E-A8EA-A2E59483061E}
		{07465222-F432-4319-9A61-6D052D8B2B25} = {981B8682-BF8B-4C6E-A8EA-A2E59483061E}
		{368C181D-7357-4DB3-B471-7E115C6BA069} = {981B8682-BF8B-4C6E-A8EA-A2E59483061E}
		{DCAB8DAE-D143-4DA6-A8AB-90304DE5DB15} = {981B8682-BF8B-4C6E-A8EA-A2E59483061E}
		{943FF9DD-7987-4C03-8B9A-14CB993DAB16} = {A9B783FC-8771-4EE7-8282-DB5331DAC239}
	EndGlobalSection
	GlobalSection(ProjectConfigurationPlatforms) = postSolution
		{61299FA4-6B2D-4865-AB00-97F765E5D794}.Debug|Any CPU.ActiveCfg = Debug|Any CPU
		{61299FA4-6B2D-4865-AB00-97F765E5D794}.Debug|Any CPU.Build.0 = Debug|Any CPU
		{61299FA4-6B2D-4865-AB00-97F765E5D794}.Release|Any CPU.ActiveCfg = Release|Any CPU
		{61299FA4-6B2D-4865-AB00-97F765E5D794}.Release|Any CPU.Build.0 = Release|Any CPU
		{6D4101F7-4680-4627-909C-AC7E4EE4739C}.Debug|Any CPU.ActiveCfg = Debug|Any CPU
		{6D4101F7-4680-4627-909C-AC7E4EE4739C}.Debug|Any CPU.Build.0 = Debug|Any CPU
		{6D4101F7-4680-4627-909C-AC7E4EE4739C}.Release|Any CPU.ActiveCfg = Release|Any CPU
		{6D4101F7-4680-4627-909C-AC7E4EE4739C}.Release|Any CPU.Build.0 = Release|Any CPU
		{78E89EBB-E2F9-4FCD-B572-BD52F618B847}.Debug|Any CPU.ActiveCfg = Debug|Any CPU
		{78E89EBB-E2F9-4FCD-B572-BD52F618B847}.Debug|Any CPU.Build.0 = Debug|Any CPU
		{78E89EBB-E2F9-4FCD-B572-BD52F618B847}.Release|Any CPU.ActiveCfg = Release|Any CPU
		{78E89EBB-E2F9-4FCD-B572-BD52F618B847}.Release|Any CPU.Build.0 = Release|Any CPU
		{C3597488-800A-49D0-84E7-DF6B44C4F260}.Debug|Any CPU.ActiveCfg = Debug|Any CPU
		{C3597488-800A-49D0-84E7-DF6B44C4F260}.Debug|Any CPU.Build.0 = Debug|Any CPU
		{C3597488-800A-49D0-84E7-DF6B44C4F260}.Release|Any CPU.ActiveCfg = Release|Any CPU
		{C3597488-800A-49D0-84E7-DF6B44C4F260}.Release|Any CPU.Build.0 = Release|Any CPU
		{DD51589D-5CE9-4D9D-9B24-116407D35BF7}.Debug|Any CPU.ActiveCfg = Debug|Any CPU
		{DD51589D-5CE9-4D9D-9B24-116407D35BF7}.Debug|Any CPU.Build.0 = Debug|Any CPU
		{DD51589D-5CE9-4D9D-9B24-116407D35BF7}.Release|Any CPU.ActiveCfg = Release|Any CPU
		{DD51589D-5CE9-4D9D-9B24-116407D35BF7}.Release|Any CPU.Build.0 = Release|Any CPU
		{8B9E06AB-D8D2-4B87-AD7A-25287D309D65}.Debug|Any CPU.ActiveCfg = Debug|Any CPU
		{8B9E06AB-D8D2-4B87-AD7A-25287D309D65}.Debug|Any CPU.Build.0 = Debug|Any CPU
		{8B9E06AB-D8D2-4B87-AD7A-25287D309D65}.Release|Any CPU.ActiveCfg = Release|Any CPU
		{8B9E06AB-D8D2-4B87-AD7A-25287D309D65}.Release|Any CPU.Build.0 = Release|Any CPU
		{85E17D05-3EC2-457E-93E5-680B59647034}.Debug|Any CPU.ActiveCfg = Debug|Any CPU
		{85E17D05-3EC2-457E-93E5-680B59647034}.Debug|Any CPU.Build.0 = Debug|Any CPU
		{85E17D05-3EC2-457E-93E5-680B59647034}.Release|Any CPU.ActiveCfg = Release|Any CPU
		{85E17D05-3EC2-457E-93E5-680B59647034}.Release|Any CPU.Build.0 = Release|Any CPU
		{C9D4F178-2166-48DB-B8AF-F48B5D20BF70}.Debug|Any CPU.ActiveCfg = Debug|Any CPU
		{C9D4F178-2166-48DB-B8AF-F48B5D20BF70}.Debug|Any CPU.Build.0 = Debug|Any CPU
		{C9D4F178-2166-48DB-B8AF-F48B5D20BF70}.Release|Any CPU.ActiveCfg = Release|Any CPU
		{C9D4F178-2166-48DB-B8AF-F48B5D20BF70}.Release|Any CPU.Build.0 = Release|Any CPU
		{0D438CD3-7970-4B17-AAB9-D3315A97D346}.Debug|Any CPU.ActiveCfg = Debug|Any CPU
		{0D438CD3-7970-4B17-AAB9-D3315A97D346}.Debug|Any CPU.Build.0 = Debug|Any CPU
		{0D438CD3-7970-4B17-AAB9-D3315A97D346}.Release|Any CPU.ActiveCfg = Release|Any CPU
		{0D438CD3-7970-4B17-AAB9-D3315A97D346}.Release|Any CPU.Build.0 = Release|Any CPU
		{79EA5DB3-B587-4CDD-91BB-F000ADB51BF9}.Debug|Any CPU.ActiveCfg = Debug|Any CPU
		{79EA5DB3-B587-4CDD-91BB-F000ADB51BF9}.Debug|Any CPU.Build.0 = Debug|Any CPU
		{79EA5DB3-B587-4CDD-91BB-F000ADB51BF9}.Release|Any CPU.ActiveCfg = Release|Any CPU
		{79EA5DB3-B587-4CDD-91BB-F000ADB51BF9}.Release|Any CPU.Build.0 = Release|Any CPU
		{755D8CAB-C5E8-4E4F-8BB2-5D2E34A622D1}.Debug|Any CPU.ActiveCfg = Debug|Any CPU
		{755D8CAB-C5E8-4E4F-8BB2-5D2E34A622D1}.Debug|Any CPU.Build.0 = Debug|Any CPU
		{755D8CAB-C5E8-4E4F-8BB2-5D2E34A622D1}.Release|Any CPU.ActiveCfg = Release|Any CPU
		{755D8CAB-C5E8-4E4F-8BB2-5D2E34A622D1}.Release|Any CPU.Build.0 = Release|Any CPU
		{07465222-F432-4319-9A61-6D052D8B2B25}.Debug|Any CPU.ActiveCfg = Debug|Any CPU
		{07465222-F432-4319-9A61-6D052D8B2B25}.Debug|Any CPU.Build.0 = Debug|Any CPU
		{07465222-F432-4319-9A61-6D052D8B2B25}.Release|Any CPU.ActiveCfg = Release|Any CPU
		{07465222-F432-4319-9A61-6D052D8B2B25}.Release|Any CPU.Build.0 = Release|Any CPU
		{BBA1C280-6A96-4FCC-9309-E6EF9C081489}.Debug|Any CPU.ActiveCfg = Debug|Any CPU
		{BBA1C280-6A96-4FCC-9309-E6EF9C081489}.Debug|Any CPU.Build.0 = Debug|Any CPU
		{BBA1C280-6A96-4FCC-9309-E6EF9C081489}.Release|Any CPU.ActiveCfg = Release|Any CPU
		{BBA1C280-6A96-4FCC-9309-E6EF9C081489}.Release|Any CPU.Build.0 = Release|Any CPU
		{368C181D-7357-4DB3-B471-7E115C6BA069}.Debug|Any CPU.ActiveCfg = Debug|Any CPU
		{368C181D-7357-4DB3-B471-7E115C6BA069}.Debug|Any CPU.Build.0 = Debug|Any CPU
		{368C181D-7357-4DB3-B471-7E115C6BA069}.Release|Any CPU.ActiveCfg = Release|Any CPU
		{368C181D-7357-4DB3-B471-7E115C6BA069}.Release|Any CPU.Build.0 = Release|Any CPU
		{3D25117C-A166-48DC-B71F-24F44512047C}.Debug|Any CPU.ActiveCfg = Debug|Any CPU
		{3D25117C-A166-48DC-B71F-24F44512047C}.Debug|Any CPU.Build.0 = Debug|Any CPU
		{3D25117C-A166-48DC-B71F-24F44512047C}.Release|Any CPU.ActiveCfg = Release|Any CPU
		{3D25117C-A166-48DC-B71F-24F44512047C}.Release|Any CPU.Build.0 = Release|Any CPU
		{943FF9DD-7987-4C03-8B9A-14CB993DAB16}.Debug|Any CPU.ActiveCfg = Debug|Any CPU
		{943FF9DD-7987-4C03-8B9A-14CB993DAB16}.Debug|Any CPU.Build.0 = Debug|Any CPU
		{943FF9DD-7987-4C03-8B9A-14CB993DAB16}.Release|Any CPU.ActiveCfg = Release|Any CPU
		{943FF9DD-7987-4C03-8B9A-14CB993DAB16}.Release|Any CPU.Build.0 = Release|Any CPU
	EndGlobalSection
EndGlobal
