
Microsoft Visual Studio Solution File, Format Version 12.00
# Visual Studio Version 17
VisualStudioVersion = 17.0.31808.319
MinimumVisualStudioVersion = 10.0.40219.1
Project("{2150E333-8FDC-42A3-9474-1A3956D46DE8}") = "src", "src", "{DB6FD3CC-2392-4383-A768-778E9AA19E22}"
EndProject
Project("{9A19103F-16F7-4668-BE54-9A1E7A4F7556}") = "WebCleanArchitecture.Domain", "src\WebCleanArchitecture.Domain\WebCleanArchitecture.Domain.csproj", "{B3080AFF-365E-439D-97BA-8A3E92B3F872}"
EndProject
Project("{9A19103F-16F7-4668-BE54-9A1E7A4F7556}") = "WebCleanArchitecture.UsesCases", "src\WebCleanArchitecture.UsesCases\WebCleanArchitecture.UsesCases.csproj", "{DD7F484E-7233-40A0-BBFA-F9BBF7BABC79}"
EndProject
Project("{9A19103F-16F7-4668-BE54-9A1E7A4F7556}") = "HostWebApi", "src\HostWebApi\HostWebApi.csproj", "{50AFDF73-735C-48DD-B197-415C0B9992FA}"
EndProject
Project("{FAE04EC0-301F-11D3-BF4B-00C04F79EFBC}") = "WebCleanArchitecture.Infraestructure", "src\WebCleanArchitecture.Infraestructure\WebCleanArchitecture.Infraestructure.csproj", "{E1EB2965-839C-47C0-86B0-E9F4A0C7F32E}"
EndProject
Project("{2150E333-8FDC-42A3-9474-1A3956D46DE8}") = "test", "test", "{217D2AD2-889B-438D-A898-08BA601811C1}"
EndProject
Project("{FAE04EC0-301F-11D3-BF4B-00C04F79EFBC}") = "WebCleanArchitecture.UnitTest", "src\WebCleanArchitecture.UnitTest\WebCleanArchitecture.UnitTest.csproj", "{0899C938-188D-42B3-91FF-29E7A911A274}"
EndProject
Project("{FAE04EC0-301F-11D3-BF4B-00C04F79EFBC}") = "HostWebApi.Test", "test\HostWebApi.Test\HostWebApi.Test.csproj", "{FA76E637-B837-4E5D-969A-4BD08E94FD00}"
EndProject
Project("{2150E333-8FDC-42A3-9474-1A3956D46DE8}") = "config", "config", "{5074454F-D196-4EDD-B6A9-5A0597F6E59B}"
EndProject
Global
	GlobalSection(SolutionConfigurationPlatforms) = preSolution
		Debug|Any CPU = Debug|Any CPU
		Release|Any CPU = Release|Any CPU
	EndGlobalSection
	GlobalSection(ProjectConfigurationPlatforms) = postSolution
		{B3080AFF-365E-439D-97BA-8A3E92B3F872}.Debug|Any CPU.ActiveCfg = Debug|Any CPU
		{B3080AFF-365E-439D-97BA-8A3E92B3F872}.Debug|Any CPU.Build.0 = Debug|Any CPU
		{B3080AFF-365E-439D-97BA-8A3E92B3F872}.Release|Any CPU.ActiveCfg = Release|Any CPU
		{B3080AFF-365E-439D-97BA-8A3E92B3F872}.Release|Any CPU.Build.0 = Release|Any CPU
		{DD7F484E-7233-40A0-BBFA-F9BBF7BABC79}.Debug|Any CPU.ActiveCfg = Debug|Any CPU
		{DD7F484E-7233-40A0-BBFA-F9BBF7BABC79}.Debug|Any CPU.Build.0 = Debug|Any CPU
		{DD7F484E-7233-40A0-BBFA-F9BBF7BABC79}.Release|Any CPU.ActiveCfg = Release|Any CPU
		{DD7F484E-7233-40A0-BBFA-F9BBF7BABC79}.Release|Any CPU.Build.0 = Release|Any CPU
		{50AFDF73-735C-48DD-B197-415C0B9992FA}.Debug|Any CPU.ActiveCfg = Debug|Any CPU
		{50AFDF73-735C-48DD-B197-415C0B9992FA}.Debug|Any CPU.Build.0 = Debug|Any CPU
		{50AFDF73-735C-48DD-B197-415C0B9992FA}.Release|Any CPU.ActiveCfg = Release|Any CPU
		{50AFDF73-735C-48DD-B197-415C0B9992FA}.Release|Any CPU.Build.0 = Release|Any CPU
		{E1EB2965-839C-47C0-86B0-E9F4A0C7F32E}.Debug|Any CPU.ActiveCfg = Debug|Any CPU
		{E1EB2965-839C-47C0-86B0-E9F4A0C7F32E}.Debug|Any CPU.Build.0 = Debug|Any CPU
		{E1EB2965-839C-47C0-86B0-E9F4A0C7F32E}.Release|Any CPU.ActiveCfg = Release|Any CPU
		{E1EB2965-839C-47C0-86B0-E9F4A0C7F32E}.Release|Any CPU.Build.0 = Release|Any CPU
		{0899C938-188D-42B3-91FF-29E7A911A274}.Debug|Any CPU.ActiveCfg = Debug|Any CPU
		{0899C938-188D-42B3-91FF-29E7A911A274}.Debug|Any CPU.Build.0 = Debug|Any CPU
		{0899C938-188D-42B3-91FF-29E7A911A274}.Release|Any CPU.ActiveCfg = Release|Any CPU
		{0899C938-188D-42B3-91FF-29E7A911A274}.Release|Any CPU.Build.0 = Release|Any CPU
		{FA76E637-B837-4E5D-969A-4BD08E94FD00}.Debug|Any CPU.ActiveCfg = Debug|Any CPU
		{FA76E637-B837-4E5D-969A-4BD08E94FD00}.Debug|Any CPU.Build.0 = Debug|Any CPU
		{FA76E637-B837-4E5D-969A-4BD08E94FD00}.Release|Any CPU.ActiveCfg = Release|Any CPU
		{FA76E637-B837-4E5D-969A-4BD08E94FD00}.Release|Any CPU.Build.0 = Release|Any CPU
	EndGlobalSection
	GlobalSection(SolutionProperties) = preSolution
		HideSolutionNode = FALSE
	EndGlobalSection
	GlobalSection(NestedProjects) = preSolution
		{50AFDF73-735C-48DD-B197-415C0B9992FA} = {DB6FD3CC-2392-4383-A768-778E9AA19E22}
		{FA76E637-B837-4E5D-969A-4BD08E94FD00} = {217D2AD2-889B-438D-A898-08BA601811C1}
		{0899C938-188D-42B3-91FF-29E7A911A274} = {217D2AD2-889B-438D-A898-08BA601811C1}
		{B3080AFF-365E-439D-97BA-8A3E92B3F872} = {DB6FD3CC-2392-4383-A768-778E9AA19E22}
		{DD7F484E-7233-40A0-BBFA-F9BBF7BABC79} = {DB6FD3CC-2392-4383-A768-778E9AA19E22}
		{E1EB2965-839C-47C0-86B0-E9F4A0C7F32E} = {DB6FD3CC-2392-4383-A768-778E9AA19E22}
	EndGlobalSection
	GlobalSection(ExtensibilityGlobals) = postSolution
		SolutionGuid = {D9910F84-F791-4753-8A02-193B05CB3472}
	EndGlobalSection
EndGlobal
