
Microsoft Visual Studio Solution File, Format Version 12.00
# Visual Studio Version 17
VisualStudioVersion = 17.0.31903.59
MinimumVisualStudioVersion = 10.0.40219.1
Project("{FAE04EC0-301F-11D3-BF4B-00C04F79EFBC}") = "Infraestructure.Database", "Infraestructure.Database\Infraestructure.Database.csproj", "{74DBE20B-997C-44BF-AC86-7C44998BC30F}"
EndProject
Project("{FAE04EC0-301F-11D3-BF4B-00C04F79EFBC}") = "Infraestructure.Events", "Infraestructure.Events\Infraestructure.Events.csproj", "{FAFCBDE4-A23A-4E96-B4CD-93213F381ECC}"
EndProject
Project("{FAE04EC0-301F-11D3-BF4B-00C04F79EFBC}") = "Infraestructure.Storages", "Infraestructure.Storages\Infraestructure.Storages.csproj", "{0B5D77DB-E6F1-45BF-8896-D43ED647C1B0}"
EndProject
Global
	GlobalSection(SolutionConfigurationPlatforms) = preSolution
		Debug|Any CPU = Debug|Any CPU
		Release|Any CPU = Release|Any CPU
	EndGlobalSection
	GlobalSection(SolutionProperties) = preSolution
		HideSolutionNode = FALSE
	EndGlobalSection
	GlobalSection(ProjectConfigurationPlatforms) = postSolution
		{74DBE20B-997C-44BF-AC86-7C44998BC30F}.Debug|Any CPU.ActiveCfg = Debug|Any CPU
		{74DBE20B-997C-44BF-AC86-7C44998BC30F}.Debug|Any CPU.Build.0 = Debug|Any CPU
		{74DBE20B-997C-44BF-AC86-7C44998BC30F}.Release|Any CPU.ActiveCfg = Release|Any CPU
		{74DBE20B-997C-44BF-AC86-7C44998BC30F}.Release|Any CPU.Build.0 = Release|Any CPU
		{FAFCBDE4-A23A-4E96-B4CD-93213F381ECC}.Debug|Any CPU.ActiveCfg = Debug|Any CPU
		{FAFCBDE4-A23A-4E96-B4CD-93213F381ECC}.Debug|Any CPU.Build.0 = Debug|Any CPU
		{FAFCBDE4-A23A-4E96-B4CD-93213F381ECC}.Release|Any CPU.ActiveCfg = Release|Any CPU
		{FAFCBDE4-A23A-4E96-B4CD-93213F381ECC}.Release|Any CPU.Build.0 = Release|Any CPU
		{0B5D77DB-E6F1-45BF-8896-D43ED647C1B0}.Debug|Any CPU.ActiveCfg = Debug|Any CPU
		{0B5D77DB-E6F1-45BF-8896-D43ED647C1B0}.Debug|Any CPU.Build.0 = Debug|Any CPU
		{0B5D77DB-E6F1-45BF-8896-D43ED647C1B0}.Release|Any CPU.ActiveCfg = Release|Any CPU
		{0B5D77DB-E6F1-45BF-8896-D43ED647C1B0}.Release|Any CPU.Build.0 = Release|Any CPU
	EndGlobalSection
EndGlobal
